{
  "originHash" : "d8367681e5916eb8e4ec783c5605eb32cc4794b8fe54eece52cc51f591f4e1fc",
  "pins" : [
    {
      "identity" : "capacitor-swift-pm",
      "kind" : "remoteSourceControl",
      "location" : "https://github.com/ionic-team/capacitor-swift-pm.git",
      "state" : {
        "revision" : "0b6882e9a3288342aacf36348e5a94e4f1dd7b13",
        "version" : "8.5.2"
      }
    },
    {
      "identity" : "ion-ios-filesystem",
      "kind" : "remoteSourceControl",
      "location" : "https://github.com/ionic-team/ion-ios-filesystem.git",
      "state" : {
        "revision" : "dd9052cfb55b70771d04deb427f94e19ea31c372",
        "version" : "1.0.1"
      }
    }
  ],
  "version" : 3
}
